
Microsoft Visual Studio Solution File, Format Version 12.00
# Visual Studio Version 17
VisualStudioVersion = 17.8.34330.188
MinimumVisualStudioVersion = 10.0.40219.1
Project("{FAE04EC0-301F-11D3-BF4B-00C04F79EFBC}") = "Ex6", "Ex6\Ex6.csproj", "{514CF427-996B-4045-9FE9-6A449F94840E}"
EndProject
Global
	GlobalSection(SolutionConfigurationPlatforms) = preSolution
		Debug|Any CPU = Debug|Any CPU
		Release|Any CPU = Release|Any CPU
	EndGlobalSection
	GlobalSection(ProjectConfigurationPlatforms) = postSolution
		{514CF427-996B-4045-9FE9-6A449F94840E}.Debug|Any CPU.ActiveCfg = Debug|Any CPU
		{514CF427-996B-4045-9FE9-6A449F94840E}.Debug|Any CPU.Build.0 = Debug|Any CPU
		{514CF427-996B-4045-9FE9-6A449F94840E}.Release|Any CPU.ActiveCfg = Release|Any CPU
		{514CF427-996B-4045-9FE9-6A449F94840E}.Release|Any CPU.Build.0 = Release|Any CPU
	EndGlobalSection
	GlobalSection(SolutionProperties) = preSolution
		HideSolutionNode = FALSE
	EndGlobalSection
	GlobalSection(ExtensibilityGlobals) = postSolution
		SolutionGuid = {B12A5FB5-2DCC-4704-BCE6-3C1BBF4A6331}
	EndGlobalSection
EndGlobal
